<?xml version="1.0" encoding="utf-8"?>
<Project ToolsVersion="4.0" xmlns="http://schemas.microsoft.com/developer/msbuild/2003">
  <ItemGroup>
    <ClCompile Include="main.cpp" />
    <ClCompile Include="director.cpp" />
    <ClCompile Include="jpeg\jpgd.cpp">
      <Filter>jpeg</Filter>
    </ClCompile>
    <ClCompile Include="giflib_5_1_0\lib\gif_err.c">
      <Filter>gif</Filter>
    </ClCompile>
    <ClCompile Include="giflib_5_1_0\lib\dgif_lib.c">
      <Filter>gif</Filter>
    </ClCompile>
    <ClCompile Include="giflib_5_1_0\lib\gifalloc.c">
      <Filter>gif</Filter>
    </ClCompile>
    <ClCompile Include="session.cpp" />
    <ClCompile Include="visual.cpp" />
    <ClCompile Include="theme.cpp" />
    <ClCompile Include="font.cpp" />
    <ClCompile Include="image.cpp" />
  </ItemGroup>
  <ItemGroup>
    <ClInclude Include="director.h" />
    <ClInclude Include="util.h" />
    <ClInclude Include="session.h" />
    <ClInclude Include="visual.h" />
    <ClInclude Include="theme.h" />
    <ClInclude Include="font.h" />
    <ClInclude Include="image.h" />
  </ItemGroup>
  <ItemGroup>
    <Filter Include="jpeg">
      <UniqueIdentifier>{faa220e2-e063-4c92-bdbe-b5a9aac9c57d}</UniqueIdentifier>
    </Filter>
    <Filter Include="gif">
      <UniqueIdentifier>{3dba2b5a-f5ac-4326-b9fe-a815d386d3e5}</UniqueIdentifier>
    </Filter>
  </ItemGroup>
  <ItemGroup>
    <CustomBuild Include="trance.proto" />
  </ItemGroup>
  <ItemGroup>
    <None Include="BUILDING" />
  </ItemGroup>
</Project>