<?xml version="1.0" encoding="utf-8"?>
<Project ToolsVersion="4.0" xmlns="http://schemas.microsoft.com/developer/msbuild/2003">
  <ItemGroup>
    <ClCompile Include="jpeg\jpgd.cpp">
      <Filter>jpeg</Filter>
    </ClCompile>
    <ClCompile Include="src\director.cpp">
      <Filter>src</Filter>
    </ClCompile>
    <ClCompile Include="src\export.cpp">
      <Filter>src</Filter>
    </ClCompile>
    <ClCompile Include="src\font.cpp">
      <Filter>src</Filter>
    </ClCompile>
    <ClCompile Include="src\image.cpp">
      <Filter>src</Filter>
    </ClCompile>
    <ClCompile Include="src\main.cpp">
      <Filter>src</Filter>
    </ClCompile>
    <ClCompile Include="src\session.cpp">
      <Filter>src</Filter>
    </ClCompile>
    <ClCompile Include="src\theme.cpp">
      <Filter>src</Filter>
    </ClCompile>
    <ClCompile Include="src\visual.cpp">
      <Filter>src</Filter>
    </ClCompile>
  </ItemGroup>
  <ItemGroup>
    <Filter Include="jpeg">
      <UniqueIdentifier>{faa220e2-e063-4c92-bdbe-b5a9aac9c57d}</UniqueIdentifier>
    </Filter>
    <Filter Include="src">
      <UniqueIdentifier>{9042966b-70ad-4cea-b183-84fdb0e92164}</UniqueIdentifier>
    </Filter>
  </ItemGroup>
  <ItemGroup>
    <None Include="BUILDING" />
  </ItemGroup>
  <ItemGroup>
    <ClInclude Include="src\director.h">
      <Filter>src</Filter>
    </ClInclude>
    <ClInclude Include="src\export.h">
      <Filter>src</Filter>
    </ClInclude>
    <ClInclude Include="src\font.h">
      <Filter>src</Filter>
    </ClInclude>
    <ClInclude Include="src\image.h">
      <Filter>src</Filter>
    </ClInclude>
    <ClInclude Include="src\session.h">
      <Filter>src</Filter>
    </ClInclude>
    <ClInclude Include="src\theme.h">
      <Filter>src</Filter>
    </ClInclude>
    <ClInclude Include="src\util.h">
      <Filter>src</Filter>
    </ClInclude>
    <ClInclude Include="src\visual.h">
      <Filter>src</Filter>
    </ClInclude>
  </ItemGroup>
  <ItemGroup>
    <CustomBuild Include="src\trance.proto">
      <Filter>src</Filter>
    </CustomBuild>
  </ItemGroup>
</Project>